
Microsoft Visual Studio Solution File, Format Version 12.00
# Visual Studio 2012
Project("{FAE04EC0-301F-11D3-BF4B-00C04F79EFBC}") = "Phoneword", "Phoneword\Phoneword.csproj", "{B09AF16B-79EE-41D9-908A-A8145B127EBE}"
EndProject
Project("{FAE04EC0-301F-11D3-BF4B-00C04F79EFBC}") = "Phoneword.iOS", "iOS\Phoneword.iOS.csproj", "{9A8868A0-95A3-43E5-ABFB-35415D4C189D}"
EndProject
Project("{FAE04EC0-301F-11D3-BF4B-00C04F79EFBC}") = "Phoneword.Droid", "Droid\Phoneword.Droid.csproj", "{474F59C3-240D-44EA-8D5D-8FC9168CCA9E}"
EndProject
Project("{FAE04EC0-301F-11D3-BF4B-00C04F79EFBC}") = "Phoneword.UITests", "UITests\Phoneword.UITests.csproj", "{B6976323-D182-4047-BE00-E38EB3E34151}"
EndProject
Global
	GlobalSection(SolutionConfigurationPlatforms) = preSolution
		Debug|Any CPU = Debug|Any CPU
		Release|Any CPU = Release|Any CPU
		Debug|iPhoneSimulator = Debug|iPhoneSimulator
		Release|iPhone = Release|iPhone
		Release|iPhoneSimulator = Release|iPhoneSimulator
		Debug|iPhone = Debug|iPhone
	EndGlobalSection
	GlobalSection(ProjectConfigurationPlatforms) = postSolution
		{474F59C3-240D-44EA-8D5D-8FC9168CCA9E}.Debug|Any CPU.ActiveCfg = Debug|Any CPU
		{474F59C3-240D-44EA-8D5D-8FC9168CCA9E}.Debug|Any CPU.Build.0 = Debug|Any CPU
		{474F59C3-240D-44EA-8D5D-8FC9168CCA9E}.Debug|iPhone.ActiveCfg = Debug|Any CPU
		{474F59C3-240D-44EA-8D5D-8FC9168CCA9E}.Debug|iPhone.Build.0 = Debug|Any CPU
		{474F59C3-240D-44EA-8D5D-8FC9168CCA9E}.Debug|iPhoneSimulator.ActiveCfg = Debug|Any CPU
		{474F59C3-240D-44EA-8D5D-8FC9168CCA9E}.Debug|iPhoneSimulator.Build.0 = Debug|Any CPU
		{474F59C3-240D-44EA-8D5D-8FC9168CCA9E}.Release|Any CPU.ActiveCfg = Release|Any CPU
		{474F59C3-240D-44EA-8D5D-8FC9168CCA9E}.Release|Any CPU.Build.0 = Release|Any CPU
		{474F59C3-240D-44EA-8D5D-8FC9168CCA9E}.Release|iPhone.ActiveCfg = Release|Any CPU
		{474F59C3-240D-44EA-8D5D-8FC9168CCA9E}.Release|iPhone.Build.0 = Release|Any CPU
		{474F59C3-240D-44EA-8D5D-8FC9168CCA9E}.Release|iPhoneSimulator.ActiveCfg = Release|Any CPU
		{474F59C3-240D-44EA-8D5D-8FC9168CCA9E}.Release|iPhoneSimulator.Build.0 = Release|Any CPU
		{9A8868A0-95A3-43E5-ABFB-35415D4C189D}.Debug|Any CPU.ActiveCfg = Debug|iPhoneSimulator
		{9A8868A0-95A3-43E5-ABFB-35415D4C189D}.Debug|Any CPU.Build.0 = Debug|iPhoneSimulator
		{9A8868A0-95A3-43E5-ABFB-35415D4C189D}.Debug|iPhone.ActiveCfg = Debug|iPhone
		{9A8868A0-95A3-43E5-ABFB-35415D4C189D}.Debug|iPhone.Build.0 = Debug|iPhone
		{9A8868A0-95A3-43E5-ABFB-35415D4C189D}.Debug|iPhoneSimulator.ActiveCfg = Debug|iPhoneSimulator
		{9A8868A0-95A3-43E5-ABFB-35415D4C189D}.Debug|iPhoneSimulator.Build.0 = Debug|iPhoneSimulator
		{9A8868A0-95A3-43E5-ABFB-35415D4C189D}.Release|Any CPU.ActiveCfg = Release|iPhone
		{9A8868A0-95A3-43E5-ABFB-35415D4C189D}.Release|Any CPU.Build.0 = Release|iPhone
		{9A8868A0-95A3-43E5-ABFB-35415D4C189D}.Release|iPhone.ActiveCfg = Release|iPhone
		{9A8868A0-95A3-43E5-ABFB-35415D4C189D}.Release|iPhone.Build.0 = Release|iPhone
		{9A8868A0-95A3-43E5-ABFB-35415D4C189D}.Release|iPhoneSimulator.ActiveCfg = Release|iPhoneSimulator
		{9A8868A0-95A3-43E5-ABFB-35415D4C189D}.Release|iPhoneSimulator.Build.0 = Release|iPhoneSimulator
		{B09AF16B-79EE-41D9-908A-A8145B127EBE}.Debug|Any CPU.ActiveCfg = Debug|Any CPU
		{B09AF16B-79EE-41D9-908A-A8145B127EBE}.Debug|Any CPU.Build.0 = Debug|Any CPU
		{B09AF16B-79EE-41D9-908A-A8145B127EBE}.Debug|iPhone.ActiveCfg = Debug|Any CPU
		{B09AF16B-79EE-41D9-908A-A8145B127EBE}.Debug|iPhone.Build.0 = Debug|Any CPU
		{B09AF16B-79EE-41D9-908A-A8145B127EBE}.Debug|iPhoneSimulator.ActiveCfg = Debug|Any CPU
		{B09AF16B-79EE-41D9-908A-A8145B127EBE}.Debug|iPhoneSimulator.Build.0 = Debug|Any CPU
		{B09AF16B-79EE-41D9-908A-A8145B127EBE}.Release|Any CPU.ActiveCfg = Release|Any CPU
		{B09AF16B-79EE-41D9-908A-A8145B127EBE}.Release|Any CPU.Build.0 = Release|Any CPU
		{B09AF16B-79EE-41D9-908A-A8145B127EBE}.Release|iPhone.ActiveCfg = Release|Any CPU
		{B09AF16B-79EE-41D9-908A-A8145B127EBE}.Release|iPhone.Build.0 = Release|Any CPU
		{B09AF16B-79EE-41D9-908A-A8145B127EBE}.Release|iPhoneSimulator.ActiveCfg = Release|Any CPU
		{B09AF16B-79EE-41D9-908A-A8145B127EBE}.Release|iPhoneSimulator.Build.0 = Release|Any CPU
		{B6976323-D182-4047-BE00-E38EB3E34151}.Debug|Any CPU.ActiveCfg = Debug|Any CPU
		{B6976323-D182-4047-BE00-E38EB3E34151}.Debug|Any CPU.Build.0 = Debug|Any CPU
		{B6976323-D182-4047-BE00-E38EB3E34151}.Debug|iPhone.ActiveCfg = Debug|Any CPU
		{B6976323-D182-4047-BE00-E38EB3E34151}.Debug|iPhone.Build.0 = Debug|Any CPU
		{B6976323-D182-4047-BE00-E38EB3E34151}.Debug|iPhoneSimulator.ActiveCfg = Debug|Any CPU
		{B6976323-D182-4047-BE00-E38EB3E34151}.Debug|iPhoneSimulator.Build.0 = Debug|Any CPU
		{B6976323-D182-4047-BE00-E38EB3E34151}.Release|Any CPU.ActiveCfg = Release|Any CPU
		{B6976323-D182-4047-BE00-E38EB3E34151}.Release|Any CPU.Build.0 = Release|Any CPU
		{B6976323-D182-4047-BE00-E38EB3E34151}.Release|iPhone.ActiveCfg = Release|Any CPU
		{B6976323-D182-4047-BE00-E38EB3E34151}.Release|iPhone.Build.0 = Release|Any CPU
		{B6976323-D182-4047-BE00-E38EB3E34151}.Release|iPhoneSimulator.ActiveCfg = Release|Any CPU
		{B6976323-D182-4047-BE00-E38EB3E34151}.Release|iPhoneSimulator.Build.0 = Release|Any CPU
	EndGlobalSection
EndGlobal
